// !$*UTF8*$!
{
	archiveVersion = 1;
	classes = {
	};
	objectVersion = 46;
	objects = {

/* Begin PBXBuildFile section */
		0715521904F6BE8438EE8F2C /* libPods-Demo-MVVM.a in Frameworks */ = {isa = PBXBuildFile; fileRef = 23802A88CC95ADA3A4CF6145 /* libPods-Demo-MVVM.a */; };
		8C26BFA41C84287E0096869E /* main.m in Sources */ = {isa = PBXBuildFile; fileRef = 8C26BFA31C84287E0096869E /* main.m */; };
		8C26BFA71C84287E0096869E /* AppDelegate.m in Sources */ = {isa = PBXBuildFile; fileRef = 8C26BFA61C84287E0096869E /* AppDelegate.m */; };
		8C26BFAA1C84287E0096869E /* ViewController.m in Sources */ = {isa = PBXBuildFile; fileRef = 8C26BFA91C84287E0096869E /* ViewController.m */; };
		8C26BFAD1C84287E0096869E /* Main.storyboard in Resources */ = {isa = PBXBuildFile; fileRef = 8C26BFAB1C84287E0096869E /* Main.storyboard */; };
		8C26BFAF1C84287E0096869E /* Assets.xcassets in Resources */ = {isa = PBXBuildFile; fileRef = 8C26BFAE1C84287E0096869E /* Assets.xcassets */; };
		8C26BFB21C84287E0096869E /* LaunchScreen.storyboard in Resources */ = {isa = PBXBuildFile; fileRef = 8C26BFB01C84287E0096869E /* LaunchScreen.storyboard */; };
		8C26BFCD1C8440DF0096869E /* NotificationNames.m in Sources */ = {isa = PBXBuildFile; fileRef = 8C26BFCC1C8440DF0096869E /* NotificationNames.m */; };
		8C26BFD21C8441930096869E /* BaseModel.m in Sources */ = {isa = PBXBuildFile; fileRef = 8C26BFD11C8441930096869E /* BaseModel.m */; };
		8C26BFD51C8441B90096869E /* ArticleModel.m in Sources */ = {isa = PBXBuildFile; fileRef = 8C26BFD41C8441B90096869E /* ArticleModel.m */; };
		8C26BFE01C84433A0096869E /* BaseViewController.m in Sources */ = {isa = PBXBuildFile; fileRef = 8C26BFDF1C84433A0096869E /* BaseViewController.m */; };
		8C26BFE31C8443570096869E /* BaseViewModel.m in Sources */ = {isa = PBXBuildFile; fileRef = 8C26BFE21C8443570096869E /* BaseViewModel.m */; };
		8C26BFE61C8443660096869E /* RequestViewModel.m in Sources */ = {isa = PBXBuildFile; fileRef = 8C26BFE51C8443660096869E /* RequestViewModel.m */; };
		8C26BFE91C8444730096869E /* HomePageCell.m in Sources */ = {isa = PBXBuildFile; fileRef = 8C26BFE81C8444730096869E /* HomePageCell.m */; };
		8C26BFEC1C8444BA0096869E /* HomePageCellViewModel.m in Sources */ = {isa = PBXBuildFile; fileRef = 8C26BFEB1C8444BA0096869E /* HomePageCellViewModel.m */; };
		8C26BFEF1C84464F0096869E /* HomePageViewModel.m in Sources */ = {isa = PBXBuildFile; fileRef = 8C26BFEE1C84464F0096869E /* HomePageViewModel.m */; };
		8C26BFF21C84479E0096869E /* FMDatabaseQueue+Extension.m in Sources */ = {isa = PBXBuildFile; fileRef = 8C26BFF11C84479E0096869E /* FMDatabaseQueue+Extension.m */; };
		8C26BFF51C845A6F0096869E /* HomePageViewController.m in Sources */ = {isa = PBXBuildFile; fileRef = 8C26BFF41C845A6F0096869E /* HomePageViewController.m */; };
/* End PBXBuildFile section */

/* Begin PBXFileReference section */
		23802A88CC95ADA3A4CF6145 /* libPods-Demo-MVVM.a */ = {isa = PBXFileReference; explicitFileType = archive.ar; includeInIndex = 0; path = "libPods-Demo-MVVM.a"; sourceTree = BUILT_PRODUCTS_DIR; };
		8C26BF9F1C84287E0096869E /* Demo-MVVM.app */ = {isa = PBXFileReference; explicitFileType = wrapper.application; includeInIndex = 0; path = "Demo-MVVM.app"; sourceTree = BUILT_PRODUCTS_DIR; };
		8C26BFA31C84287E0096869E /* main.m */ = {isa = PBXFileReference; lastKnownFileType = sourcecode.c.objc; path = main.m; sourceTree = "<group>"; };
		8C26BFA51C84287E0096869E /* AppDelegate.h */ = {isa = PBXFileReference; lastKnownFileType = sourcecode.c.h; path = AppDelegate.h; sourceTree = "<group>"; };
		8C26BFA61C84287E0096869E /* AppDelegate.m */ = {isa = PBXFileReference; lastKnownFileType = sourcecode.c.objc; path = AppDelegate.m; sourceTree = "<group>"; };
		8C26BFA81C84287E0096869E /* ViewController.h */ = {isa = PBXFileReference; lastKnownFileType = sourcecode.c.h; path = ViewController.h; sourceTree = "<group>"; };
		8C26BFA91C84287E0096869E /* ViewController.m */ = {isa = PBXFileReference; lastKnownFileType = sourcecode.c.objc; path = ViewController.m; sourceTree = "<group>"; };
		8C26BFAC1C84287E0096869E /* Base */ = {isa = PBXFileReference; lastKnownFileType = file.storyboard; name = Base; path = Base.lproj/Main.storyboard; sourceTree = "<group>"; };
		8C26BFAE1C84287E0096869E /* Assets.xcassets */ = {isa = PBXFileReference; lastKnownFileType = folder.assetcatalog; path = Assets.xcassets; sourceTree = "<group>"; };
		8C26BFB11C84287E0096869E /* Base */ = {isa = PBXFileReference; lastKnownFileType = file.storyboard; name = Base; path = Base.lproj/LaunchScreen.storyboard; sourceTree = "<group>"; };
		8C26BFB31C84287E0096869E /* Info.plist */ = {isa = PBXFileReference; lastKnownFileType = text.plist.xml; path = Info.plist; sourceTree = "<group>"; };
		8C26BFBF1C842F920096869E /* SQLInterfaceV.h */ = {isa = PBXFileReference; fileEncoding = 4; lastKnownFileType = sourcecode.c.h; path = SQLInterfaceV.h; sourceTree = "<group>"; };
		8C26BFC71C8431C40096869E /* test.h */ = {isa = PBXFileReference; fileEncoding = 4; lastKnownFileType = sourcecode.c.h; path = test.h; sourceTree = "<group>"; };
		8C26BFC81C8432910096869E /* Header.h */ = {isa = PBXFileReference; fileEncoding = 4; lastKnownFileType = sourcecode.c.h; path = Header.h; sourceTree = "<group>"; };
		8C26BFCB1C8440DF0096869E /* NotificationNames.h */ = {isa = PBXFileReference; fileEncoding = 4; lastKnownFileType = sourcecode.c.h; path = NotificationNames.h; sourceTree = "<group>"; };
		8C26BFCC1C8440DF0096869E /* NotificationNames.m */ = {isa = PBXFileReference; fileEncoding = 4; lastKnownFileType = sourcecode.c.objc; path = NotificationNames.m; sourceTree = "<group>"; };
		8C26BFD01C8441930096869E /* BaseModel.h */ = {isa = PBXFileReference; fileEncoding = 4; lastKnownFileType = sourcecode.c.h; path = BaseModel.h; sourceTree = "<group>"; };
		8C26BFD11C8441930096869E /* BaseModel.m */ = {isa = PBXFileReference; fileEncoding = 4; lastKnownFileType = sourcecode.c.objc; path = BaseModel.m; sourceTree = "<group>"; };
		8C26BFD31C8441B90096869E /* ArticleModel.h */ = {isa = PBXFileReference; fileEncoding = 4; lastKnownFileType = sourcecode.c.h; path = ArticleModel.h; sourceTree = "<group>"; };
		8C26BFD41C8441B90096869E /* ArticleModel.m */ = {isa = PBXFileReference; fileEncoding = 4; lastKnownFileType = sourcecode.c.objc; path = ArticleModel.m; sourceTree = "<group>"; };
		8C26BFDE1C84433A0096869E /* BaseViewController.h */ = {isa = PBXFileReference; fileEncoding = 4; lastKnownFileType = sourcecode.c.h; path = BaseViewController.h; sourceTree = "<group>"; };
		8C26BFDF1C84433A0096869E /* BaseViewController.m */ = {isa = PBXFileReference; fileEncoding = 4; lastKnownFileType = sourcecode.c.objc; path = BaseViewController.m; sourceTree = "<group>"; };
		8C26BFE11C8443570096869E /* BaseViewModel.h */ = {isa = PBXFileReference; fileEncoding = 4; lastKnownFileType = sourcecode.c.h; path = BaseViewModel.h; sourceTree = "<group>"; };
		8C26BFE21C8443570096869E /* BaseViewModel.m */ = {isa = PBXFileReference; fileEncoding = 4; lastKnownFileType = sourcecode.c.objc; path = BaseViewModel.m; sourceTree = "<group>"; };
		8C26BFE41C8443660096869E /* RequestViewModel.h */ = {isa = PBXFileReference; fileEncoding = 4; lastKnownFileType = sourcecode.c.h; path = RequestViewModel.h; sourceTree = "<group>"; };
		8C26BFE51C8443660096869E /* RequestViewModel.m */ = {isa = PBXFileReference; fileEncoding = 4; lastKnownFileType = sourcecode.c.objc; path = RequestViewModel.m; sourceTree = "<group>"; };
		8C26BFE71C8444730096869E /* HomePageCell.h */ = {isa = PBXFileReference; fileEncoding = 4; lastKnownFileType = sourcecode.c.h; path = HomePageCell.h; sourceTree = "<group>"; };
		8C26BFE81C8444730096869E /* HomePageCell.m */ = {isa = PBXFileReference; fileEncoding = 4; lastKnownFileType = sourcecode.c.objc; path = HomePageCell.m; sourceTree = "<group>"; };
		8C26BFEA1C8444BA0096869E /* HomePageCellViewModel.h */ = {isa = PBXFileReference; fileEncoding = 4; lastKnownFileType = sourcecode.c.h; path = HomePageCellViewModel.h; sourceTree = "<group>"; };
		8C26BFEB1C8444BA0096869E /* HomePageCellViewModel.m */ = {isa = PBXFileReference; fileEncoding = 4; lastKnownFileType = sourcecode.c.objc; path = HomePageCellViewModel.m; sourceTree = "<group>"; };
		8C26BFED1C84464F0096869E /* HomePageViewModel.h */ = {isa = PBXFileReference; fileEncoding = 4; lastKnownFileType = sourcecode.c.h; path = HomePageViewModel.h; sourceTree = "<group>"; };
		8C26BFEE1C84464F0096869E /* HomePageViewModel.m */ = {isa = PBXFileReference; fileEncoding = 4; lastKnownFileType = sourcecode.c.objc; path = HomePageViewModel.m; sourceTree = "<group>"; };
		8C26BFF01C84479E0096869E /* FMDatabaseQueue+Extension.h */ = {isa = PBXFileReference; fileEncoding = 4; lastKnownFileType = sourcecode.c.h; path = "FMDatabaseQueue+Extension.h"; sourceTree = "<group>"; };
		8C26BFF11C84479E0096869E /* FMDatabaseQueue+Extension.m */ = {isa = PBXFileReference; fileEncoding = 4; lastKnownFileType = sourcecode.c.objc; path = "FMDatabaseQueue+Extension.m"; sourceTree = "<group>"; };
		8C26BFF31C845A6F0096869E /* HomePageViewController.h */ = {isa = PBXFileReference; fileEncoding = 4; lastKnownFileType = sourcecode.c.h; path = HomePageViewController.h; sourceTree = "<group>"; };
		8C26BFF41C845A6F0096869E /* HomePageViewController.m */ = {isa = PBXFileReference; fileEncoding = 4; lastKnownFileType = sourcecode.c.objc; path = HomePageViewController.m; sourceTree = "<group>"; };
		DB3071F21BA62211454A83B8 /* Pods-Demo-MVVM.release.xcconfig */ = {isa = PBXFileReference; includeInIndex = 1; lastKnownFileType = text.xcconfig; name = "Pods-Demo-MVVM.release.xcconfig"; path = "Pods/Target Support Files/Pods-Demo-MVVM/Pods-Demo-MVVM.release.xcconfig"; sourceTree = "<group>"; };
		E258C8110963B9B6E26672AF /* Pods-Demo-MVVM.debug.xcconfig */ = {isa = PBXFileReference; includeInIndex = 1; lastKnownFileType = text.xcconfig; name = "Pods-Demo-MVVM.debug.xcconfig"; path = "Pods/Target Support Files/Pods-Demo-MVVM/Pods-Demo-MVVM.debug.xcconfig"; sourceTree = "<group>"; };
/* End PBXFileReference section */

/* Begin PBXFrameworksBuildPhase section */
		8C26BF9C1C84287E0096869E /* Frameworks */ = {
			isa = PBXFrameworksBuildPhase;
			buildActionMask = 2147483647;
			files = (
				0715521904F6BE8438EE8F2C /* libPods-Demo-MVVM.a in Frameworks */,
			);
			runOnlyForDeploymentPostprocessing = 0;
		};
/* End PBXFrameworksBuildPhase section */

/* Begin PBXGroup section */
		04041BAED79F36B9FCC79221 /* Pods */ = {
			isa = PBXGroup;
			children = (
				E258C8110963B9B6E26672AF /* Pods-Demo-MVVM.debug.xcconfig */,
				DB3071F21BA62211454A83B8 /* Pods-Demo-MVVM.release.xcconfig */,
			);
			name = Pods;
			sourceTree = "<group>";
		};
		3B88DDDF07C019340307A3D1 /* Frameworks */ = {
			isa = PBXGroup;
			children = (
				23802A88CC95ADA3A4CF6145 /* libPods-Demo-MVVM.a */,
			);
			name = Frameworks;
			sourceTree = "<group>";
		};
		8C26BF961C84287E0096869E = {
			isa = PBXGroup;
			children = (
				8C26BFA11C84287E0096869E /* Demo-MVVM */,
				8C26BFA01C84287E0096869E /* Products */,
				04041BAED79F36B9FCC79221 /* Pods */,
				3B88DDDF07C019340307A3D1 /* Frameworks */,
			);
			sourceTree = "<group>";
		};
		8C26BFA01C84287E0096869E /* Products */ = {
			isa = PBXGroup;
			children = (
				8C26BF9F1C84287E0096869E /* Demo-MVVM.app */,
			);
			name = Products;
			sourceTree = "<group>";
		};
		8C26BFA11C84287E0096869E /* Demo-MVVM */ = {
			isa = PBXGroup;
			children = (
				8C26BFBD1C842E230096869E /* Module */,
				8C26BFBC1C842E1A0096869E /* Model */,
				8C26BFBB1C842E140096869E /* Interface */,
				8C26BFBA1C842E100096869E /* Configuration */,
				8C26BFB91C842E090096869E /* Category */,
				8C26BFA51C84287E0096869E /* AppDelegate.h */,
				8C26BFA61C84287E0096869E /* AppDelegate.m */,
				8C26BFA81C84287E0096869E /* ViewController.h */,
				8C26BFA91C84287E0096869E /* ViewController.m */,
				8C26BFAB1C84287E0096869E /* Main.storyboard */,
				8C26BFAE1C84287E0096869E /* Assets.xcassets */,
				8C26BFB01C84287E0096869E /* LaunchScreen.storyboard */,
				8C26BFB31C84287E0096869E /* Info.plist */,
				8C26BFA21C84287E0096869E /* Supporting Files */,
			);
			path = "Demo-MVVM";
			sourceTree = "<group>";
		};
		8C26BFA21C84287E0096869E /* Supporting Files */ = {
			isa = PBXGroup;
			children = (
				8C26BFA31C84287E0096869E /* main.m */,
			);
			name = "Supporting Files";
			sourceTree = "<group>";
		};
		8C26BFB91C842E090096869E /* Category */ = {
			isa = PBXGroup;
			children = (
				8C26BFF01C84479E0096869E /* FMDatabaseQueue+Extension.h */,
				8C26BFF11C84479E0096869E /* FMDatabaseQueue+Extension.m */,
			);
			path = Category;
			sourceTree = "<group>";
		};
		8C26BFBA1C842E100096869E /* Configuration */ = {
			isa = PBXGroup;
			children = (
				8C26BFC71C8431C40096869E /* test.h */,
				8C26BFC81C8432910096869E /* Header.h */,
				8C26BFCB1C8440DF0096869E /* NotificationNames.h */,
				8C26BFCC1C8440DF0096869E /* NotificationNames.m */,
			);
			path = Configuration;
			sourceTree = "<group>";
		};
		8C26BFBB1C842E140096869E /* Interface */ = {
			isa = PBXGroup;
			children = (
				8C26BFBF1C842F920096869E /* SQLInterfaceV.h */,
			);
			path = Interface;
			sourceTree = "<group>";
		};
		8C26BFBC1C842E1A0096869E /* Model */ = {
			isa = PBXGroup;
			children = (
				8C26BFCF1C84417D0096869E /* Base */,
				8C26BFCE1C8441780096869E /* Article */,
			);
			path = Model;
			sourceTree = "<group>";
		};
		8C26BFBD1C842E230096869E /* Module */ = {
			isa = PBXGroup;
			children = (
				8C26BFDA1C8443110096869E /* HomePage */,
				8C26BFD61C8443080096869E /* Base */,
			);
			path = Module;
			sourceTree = "<group>";
		};
		8C26BFCE1C8441780096869E /* Article */ = {
			isa = PBXGroup;
			children = (
				8C26BFD31C8441B90096869E /* ArticleModel.h */,
				8C26BFD41C8441B90096869E /* ArticleModel.m */,
			);
			path = Article;
			sourceTree = "<group>";
		};
		8C26BFCF1C84417D0096869E /* Base */ = {
			isa = PBXGroup;
			children = (
				8C26BFD01C8441930096869E /* BaseModel.h */,
				8C26BFD11C8441930096869E /* BaseModel.m */,
			);
			path = Base;
			sourceTree = "<group>";
		};
		8C26BFD61C8443080096869E /* Base */ = {
			isa = PBXGroup;
			children = (
				8C26BFD71C8443080096869E /* View */,
				8C26BFD81C8443080096869E /* ViewController */,
				8C26BFD91C8443080096869E /* ViewModel */,
			);
			path = Base;
			sourceTree = "<group>";
		};
		8C26BFD71C8443080096869E /* View */ = {
			isa = PBXGroup;
			children = (
			);
			path = View;
			sourceTree = "<group>";
		};
		8C26BFD81C8443080096869E /* ViewController */ = {
			isa = PBXGroup;
			children = (
				8C26BFDE1C84433A0096869E /* BaseViewController.h */,
				8C26BFDF1C84433A0096869E /* BaseViewController.m */,
			);
			path = ViewController;
			sourceTree = "<group>";
		};
		8C26BFD91C8443080096869E /* ViewModel */ = {
			isa = PBXGroup;
			children = (
				8C26BFE11C8443570096869E /* BaseViewModel.h */,
				8C26BFE21C8443570096869E /* BaseViewModel.m */,
				8C26BFE41C8443660096869E /* RequestViewModel.h */,
				8C26BFE51C8443660096869E /* RequestViewModel.m */,
			);
			path = ViewModel;
			sourceTree = "<group>";
		};
		8C26BFDA1C8443110096869E /* HomePage */ = {
			isa = PBXGroup;
			children = (
				8C26BFDB1C8443110096869E /* View */,
				8C26BFDC1C8443110096869E /* ViewController */,
				8C26BFDD1C8443110096869E /* ViewModel */,
			);
			path = HomePage;
			sourceTree = "<group>";
		};
		8C26BFDB1C8443110096869E /* View */ = {
			isa = PBXGroup;
			children = (
				8C26BFE71C8444730096869E /* HomePageCell.h */,
				8C26BFE81C8444730096869E /* HomePageCell.m */,
			);
			path = View;
			sourceTree = "<group>";
		};
		8C26BFDC1C8443110096869E /* ViewController */ = {
			isa = PBXGroup;
			children = (
				8C26BFF31C845A6F0096869E /* HomePageViewController.h */,
				8C26BFF41C845A6F0096869E /* HomePageViewController.m */,
			);
			path = ViewController;
			sourceTree = "<group>";
		};
		8C26BFDD1C8443110096869E /* ViewModel */ = {
			isa = PBXGroup;
			children = (
				8C26BFEA1C8444BA0096869E /* HomePageCellViewModel.h */,
				8C26BFEB1C8444BA0096869E /* HomePageCellViewModel.m */,
				8C26BFED1C84464F0096869E /* HomePageViewModel.h */,
				8C26BFEE1C84464F0096869E /* HomePageViewModel.m */,
			);
			path = ViewModel;
			sourceTree = "<group>";
		};
/* End PBXGroup section */

/* Begin PBXNativeTarget section */
		8C26BF9E1C84287E0096869E /* Demo-MVVM */ = {
			isa = PBXNativeTarget;
			buildConfigurationList = 8C26BFB61C84287E0096869E /* Build configuration list for PBXNativeTarget "Demo-MVVM" */;
			buildPhases = (
				9C6BA104ED55304256E15DFE /* Check Pods Manifest.lock */,
				8C26BF9B1C84287E0096869E /* Sources */,
				8C26BF9C1C84287E0096869E /* Frameworks */,
				8C26BF9D1C84287E0096869E /* Resources */,
				ADE806A226C0F9707E894886 /* Embed Pods Frameworks */,
				B916F81979D30FCE0A84B03B /* Copy Pods Resources */,
			);
			buildRules = (
			);
			dependencies = (
			);
			name = "Demo-MVVM";
			productName = "Demo-MVVM";
			productReference = 8C26BF9F1C84287E0096869E /* Demo-MVVM.app */;
			productType = "com.apple.product-type.application";
		};
/* End PBXNativeTarget section */

/* Begin PBXProject section */
		8C26BF971C84287E0096869E /* Project object */ = {
			isa = PBXProject;
			attributes = {
				LastUpgradeCheck = 0710;
				ORGANIZATIONNAME = Aspmcll;
				TargetAttributes = {
					8C26BF9E1C84287E0096869E = {
						CreatedOnToolsVersion = 7.1;
						DevelopmentTeam = 7BY99F7A88;
					};
				};
			};
			buildConfigurationList = 8C26BF9A1C84287E0096869E /* Build configuration list for PBXProject "Demo-MVVM" */;
			compatibilityVersion = "Xcode 3.2";
			developmentRegion = English;
			hasScannedForEncodings = 0;
			knownRegions = (
				en,
				Base,
			);
			mainGroup = 8C26BF961C84287E0096869E;
			productRefGroup = 8C26BFA01C84287E0096869E /* Products */;
			projectDirPath = "";
			projectRoot = "";
			targets = (
				8C26BF9E1C84287E0096869E /* Demo-MVVM */,
			);
		};
/* End PBXProject section */

/* Begin PBXResourcesBuildPhase section */
		8C26BF9D1C84287E0096869E /* Resources */ = {
			isa = PBXResourcesBuildPhase;
			buildActionMask = 2147483647;
			files = (
				8C26BFB21C84287E0096869E /* LaunchScreen.storyboard in Resources */,
				8C26BFAF1C84287E0096869E /* Assets.xcassets in Resources */,
				8C26BFAD1C84287E0096869E /* Main.storyboard in Resources */,
			);
			runOnlyForDeploymentPostprocessing = 0;
		};
/* End PBXResourcesBuildPhase section */

/* Begin PBXShellScriptBuildPhase section */
		9C6BA104ED55304256E15DFE /* Check Pods Manifest.lock */ = {
			isa = PBXShellScriptBuildPhase;
			buildActionMask = 2147483647;
			files = (
			);
			inputPaths = (
			);
			name = "Check Pods Manifest.lock";
			outputPaths = (
			);
			runOnlyForDeploymentPostprocessing = 0;
			shellPath = /bin/sh;
			shellScript = "diff \"${PODS_ROOT}/../Podfile.lock\" \"${PODS_ROOT}/Manifest.lock\" > /dev/null\nif [[ $? != 0 ]] ; then\n    cat << EOM\nerror: The sandbox is not in sync with the Podfile.lock. Run 'pod install' or update your CocoaPods installation.\nEOM\n    exit 1\nfi\n";
			showEnvVarsInLog = 0;
		};
		ADE806A226C0F9707E894886 /* Embed Pods Frameworks */ = {
			isa = PBXShellScriptBuildPhase;
			buildActionMask = 2147483647;
			files = (
			);
			inputPaths = (
			);
			name = "Embed Pods Frameworks";
			outputPaths = (
			);
			runOnlyForDeploymentPostprocessing = 0;
			shellPath = /bin/sh;
			shellScript = "\"${SRCROOT}/Pods/Target Support Files/Pods-Demo-MVVM/Pods-Demo-MVVM-frameworks.sh\"\n";
			showEnvVarsInLog = 0;
		};
		B916F81979D30FCE0A84B03B /* Copy Pods Resources */ = {
			isa = PBXShellScriptBuildPhase;
			buildActionMask = 2147483647;
			files = (
			);
			inputPaths = (
			);
			name = "Copy Pods Resources";
			outputPaths = (
			);
			runOnlyForDeploymentPostprocessing = 0;
			shellPath = /bin/sh;
			shellScript = "\"${SRCROOT}/Pods/Target Support Files/Pods-Demo-MVVM/Pods-Demo-MVVM-resources.sh\"\n";
			showEnvVarsInLog = 0;
		};
/* End PBXShellScriptBuildPhase section */

/* Begin PBXSourcesBuildPhase section */
		8C26BF9B1C84287E0096869E /* Sources */ = {
			isa = PBXSourcesBuildPhase;
			buildActionMask = 2147483647;
			files = (
				8C26BFEF1C84464F0096869E /* HomePageViewModel.m in Sources */,
				8C26BFAA1C84287E0096869E /* ViewController.m in Sources */,
				8C26BFE31C8443570096869E /* BaseViewModel.m in Sources */,
				8C26BFE61C8443660096869E /* RequestViewModel.m in Sources */,
				8C26BFF51C845A6F0096869E /* HomePageViewController.m in Sources */,
				8C26BFCD1C8440DF0096869E /* NotificationNames.m in Sources */,
				8C26BFD51C8441B90096869E /* ArticleModel.m in Sources */,
				8C26BFE91C8444730096869E /* HomePageCell.m in Sources */,
				8C26BFF21C84479E0096869E /* FMDatabaseQueue+Extension.m in Sources */,
				8C26BFA71C84287E0096869E /* AppDelegate.m in Sources */,
				8C26BFD21C8441930096869E /* BaseModel.m in Sources */,
				8C26BFE01C84433A0096869E /* BaseViewController.m in Sources */,
				8C26BFA41C84287E0096869E /* main.m in Sources */,
				8C26BFEC1C8444BA0096869E /* HomePageCellViewModel.m in Sources */,
			);
			runOnlyForDeploymentPostprocessing = 0;
		};
/* End PBXSourcesBuildPhase section */

/* Begin PBXVariantGroup section */
		8C26BFAB1C84287E0096869E /* Main.storyboard */ = {
			isa = PBXVariantGroup;
			children = (
				8C26BFAC1C84287E0096869E /* Base */,
			);
			name = Main.storyboard;
			sourceTree = "<group>";
		};
		8C26BFB01C84287E0096869E /* LaunchScreen.storyboard */ = {
			isa = PBXVariantGroup;
			children = (
				8C26BFB11C84287E0096869E /* Base */,
			);
			name = LaunchScreen.storyboard;
			sourceTree = "<group>";
		};
/* End PBXVariantGroup section */

/* Begin XCBuildConfiguration section */
		8C26BFB41C84287E0096869E /* Debug */ = {
			isa = XCBuildConfiguration;
			buildSettings = {
				ALWAYS_SEARCH_USER_PATHS = NO;
				CLANG_CXX_LANGUAGE_STANDARD = "gnu++0x";
				CLANG_CXX_LIBRARY = "libc++";
				CLANG_ENABLE_MODULES = YES;
				CLANG_ENABLE_OBJC_ARC = YES;
				CLANG_WARN_BOOL_CONVERSION = YES;
				CLANG_WARN_CONSTANT_CONVERSION = YES;
				CLANG_WARN_DIRECT_OBJC_ISA_USAGE = YES_ERROR;
				CLANG_WARN_EMPTY_BODY = YES;
				CLANG_WARN_ENUM_CONVERSION = YES;
				CLANG_WARN_INT_CONVERSION = YES;
				CLANG_WARN_OBJC_ROOT_CLASS = YES_ERROR;
				CLANG_WARN_UNREACHABLE_CODE = YES;
				CLANG_WARN__DUPLICATE_METHOD_MATCH = YES;
				"CODE_SIGN_IDENTITY[sdk=iphoneos*]" = "iPhone Developer";
				COPY_PHASE_STRIP = NO;
				DEBUG_INFORMATION_FORMAT = dwarf;
				ENABLE_STRICT_OBJC_MSGSEND = YES;
				ENABLE_TESTABILITY = YES;
				GCC_C_LANGUAGE_STANDARD = gnu99;
				GCC_DYNAMIC_NO_PIC = NO;
				GCC_NO_COMMON_BLOCKS = YES;
				GCC_OPTIMIZATION_LEVEL = 0;
				GCC_PREPROCESSOR_DEFINITIONS = (
					"DEBUG=1",
					"$(inherited)",
				);
				GCC_WARN_64_TO_32_BIT_CONVERSION = YES;
				GCC_WARN_ABOUT_RETURN_TYPE = YES_ERROR;
				GCC_WARN_UNDECLARED_SELECTOR = YES;
				GCC_WARN_UNINITIALIZED_AUTOS = YES_AGGRESSIVE;
				GCC_WARN_UNUSED_FUNCTION = YES;
				GCC_WARN_UNUSED_VARIABLE = YES;
				IPHONEOS_DEPLOYMENT_TARGET = 9.1;
				MTL_ENABLE_DEBUG_INFO = YES;
				ONLY_ACTIVE_ARCH = YES;
				SDKROOT = iphoneos;
			};
			name = Debug;
		};
		8C26BFB51C84287E0096869E /* Release */ = {
			isa = XCBuildConfiguration;
			buildSettings = {
				ALWAYS_SEARCH_USER_PATHS = NO;
				CLANG_CXX_LANGUAGE_STANDARD = "gnu++0x";
				CLANG_CXX_LIBRARY = "libc++";
				CLANG_ENABLE_MODULES = YES;
				CLANG_ENABLE_OBJC_ARC = YES;
				CLANG_WARN_BOOL_CONVERSION = YES;
				CLANG_WARN_CONSTANT_CONVERSION = YES;
				CLANG_WARN_DIRECT_OBJC_ISA_USAGE = YES_ERROR;
				CLANG_WARN_EMPTY_BODY = YES;
				CLANG_WARN_ENUM_CONVERSION = YES;
				CLANG_WARN_INT_CONVERSION = YES;
				CLANG_WARN_OBJC_ROOT_CLASS = YES_ERROR;
				CLANG_WARN_UNREACHABLE_CODE = YES;
				CLANG_WARN__DUPLICATE_METHOD_MATCH = YES;
				"CODE_SIGN_IDENTITY[sdk=iphoneos*]" = "iPhone Developer";
				COPY_PHASE_STRIP = NO;
				DEBUG_INFORMATION_FORMAT = "dwarf-with-dsym";
				ENABLE_NS_ASSERTIONS = NO;
				ENABLE_STRICT_OBJC_MSGSEND = YES;
				GCC_C_LANGUAGE_STANDARD = gnu99;
				GCC_NO_COMMON_BLOCKS = YES;
				GCC_WARN_64_TO_32_BIT_CONVERSION = YES;
				GCC_WARN_ABOUT_RETURN_TYPE = YES_ERROR;
				GCC_WARN_UNDECLARED_SELECTOR = YES;
				GCC_WARN_UNINITIALIZED_AUTOS = YES_AGGRESSIVE;
				GCC_WARN_UNUSED_FUNCTION = YES;
				GCC_WARN_UNUSED_VARIABLE = YES;
				IPHONEOS_DEPLOYMENT_TARGET = 9.1;
				MTL_ENABLE_DEBUG_INFO = NO;
				SDKROOT = iphoneos;
				VALIDATE_PRODUCT = YES;
			};
			name = Release;
		};
		8C26BFB71C84287E0096869E /* Debug */ = {
			isa = XCBuildConfiguration;
			baseConfigurationReference = E258C8110963B9B6E26672AF /* Pods-Demo-MVVM.debug.xcconfig */;
			buildSettings = {
				ASSETCATALOG_COMPILER_APPICON_NAME = AppIcon;
				INFOPLIST_FILE = "Demo-MVVM/Info.plist";
				LD_RUNPATH_SEARCH_PATHS = "$(inherited) @executable_path/Frameworks";
				PRODUCT_BUNDLE_IDENTIFIER = "cn.tedu.Demo-MVVM";
				PRODUCT_NAME = "$(TARGET_NAME)";
			};
			name = Debug;
		};
		8C26BFB81C84287E0096869E /* Release */ = {
			isa = XCBuildConfiguration;
			baseConfigurationReference = DB3071F21BA62211454A83B8 /* Pods-Demo-MVVM.release.xcconfig */;
			buildSettings = {
				ASSETCATALOG_COMPILER_APPICON_NAME = AppIcon;
				INFOPLIST_FILE = "Demo-MVVM/Info.plist";
				LD_RUNPATH_SEARCH_PATHS = "$(inherited) @executable_path/Frameworks";
				PRODUCT_BUNDLE_IDENTIFIER = "cn.tedu.Demo-MVVM";
				PRODUCT_NAME = "$(TARGET_NAME)";
			};
			name = Release;
		};
/* End XCBuildConfiguration section */

/* Begin XCConfigurationList section */
		8C26BF9A1C84287E0096869E /* Build configuration list for PBXProject "Demo-MVVM" */ = {
			isa = XCConfigurationList;
			buildConfigurations = (
				8C26BFB41C84287E0096869E /* Debug */,
				8C26BFB51C84287E0096869E /* Release */,
			);
			defaultConfigurationIsVisible = 0;
			defaultConfigurationName = Release;
		};
		8C26BFB61C84287E0096869E /* Build configuration list for PBXNativeTarget "Demo-MVVM" */ = {
			isa = XCConfigurationList;
			buildConfigurations = (
				8C26BFB71C84287E0096869E /* Debug */,
				8C26BFB81C84287E0096869E /* Release */,
			);
			defaultConfigurationIsVisible = 0;
			defaultConfigurationName = Release;
		};
/* End XCConfigurationList section */
	};
	rootObject = 8C26BF971C84287E0096869E /* Project object */;
}
